
Microsoft Visual Studio Solution File, Format Version 12.00
# Visual Studio 15
Project("{FAE04EC0-301F-11D3-BF4B-00C04F79EFBC}") = "Assembly-CSharp-firstpass", "Assembly-CSharp-firstpass.csproj", "{9A169241-35EE-D0DD-68E2-C66E6B62A4E0}"
EndProject
Project("{FAE04EC0-301F-11D3-BF4B-00C04F79EFBC}") = "Assembly-CSharp", "Assembly-CSharp.csproj", "{35D2ACCC-D48C-09BD-E592-B0ECA8783F60}"
EndProject
Project("{FAE04EC0-301F-11D3-BF4B-00C04F79EFBC}") = "Assembly-CSharp-Editor-firstpass", "Assembly-CSharp-Editor-firstpass.csproj", "{DAB16D93-7592-A50E-4ACF-DB490E5848FC}"
EndProject
Global
	GlobalSection(SolutionConfigurationPlatforms) = preSolution
		Debug|Any CPU = Debug|Any CPU
		Release|Any CPU = Release|Any CPU
	EndGlobalSection
	GlobalSection(ProjectConfigurationPlatforms) = postSolution
		{9A169241-35EE-D0DD-68E2-C66E6B62A4E0}.Debug|Any CPU.ActiveCfg = Debug|Any CPU
		{9A169241-35EE-D0DD-68E2-C66E6B62A4E0}.Debug|Any CPU.Build.0 = Debug|Any CPU
		{9A169241-35EE-D0DD-68E2-C66E6B62A4E0}.Release|Any CPU.ActiveCfg = Release|Any CPU
		{9A169241-35EE-D0DD-68E2-C66E6B62A4E0}.Release|Any CPU.Build.0 = Release|Any CPU
		{35D2ACCC-D48C-09BD-E592-B0ECA8783F60}.Debug|Any CPU.ActiveCfg = Debug|Any CPU
		{35D2ACCC-D48C-09BD-E592-B0ECA8783F60}.Debug|Any CPU.Build.0 = Debug|Any CPU
		{35D2ACCC-D48C-09BD-E592-B0ECA8783F60}.Release|Any CPU.ActiveCfg = Release|Any CPU
		{35D2ACCC-D48C-09BD-E592-B0ECA8783F60}.Release|Any CPU.Build.0 = Release|Any CPU
		{DAB16D93-7592-A50E-4ACF-DB490E5848FC}.Debug|Any CPU.ActiveCfg = Debug|Any CPU
		{DAB16D93-7592-A50E-4ACF-DB490E5848FC}.Debug|Any CPU.Build.0 = Debug|Any CPU
		{DAB16D93-7592-A50E-4ACF-DB490E5848FC}.Release|Any CPU.ActiveCfg = Release|Any CPU
		{DAB16D93-7592-A50E-4ACF-DB490E5848FC}.Release|Any CPU.Build.0 = Release|Any CPU
	EndGlobalSection
	GlobalSection(SolutionProperties) = preSolution
		HideSolutionNode = FALSE
	EndGlobalSection
EndGlobal
